
Microsoft Visual Studio Solution File, Format Version 12.00
# Visual Studio Version 17
VisualStudioVersion = 17.6.33801.468
MinimumVisualStudioVersion = 10.0.40219.1
Project("{FAE04EC0-301F-11D3-BF4B-00C04F79EFBC}") = "programersTest", "programersTest\programersTest.csproj", "{2EA2617F-21A7-422C-B0C8-5AD8058739C2}"
EndProject
Global
	GlobalSection(SolutionConfigurationPlatforms) = preSolution
		Debug|Any CPU = Debug|Any CPU
		Release|Any CPU = Release|Any CPU
	EndGlobalSection
	GlobalSection(ProjectConfigurationPlatforms) = postSolution
		{2EA2617F-21A7-422C-B0C8-5AD8058739C2}.Debug|Any CPU.ActiveCfg = Debug|Any CPU
		{2EA2617F-21A7-422C-B0C8-5AD8058739C2}.Debug|Any CPU.Build.0 = Debug|Any CPU
		{2EA2617F-21A7-422C-B0C8-5AD8058739C2}.Release|Any CPU.ActiveCfg = Release|Any CPU
		{2EA2617F-21A7-422C-B0C8-5AD8058739C2}.Release|Any CPU.Build.0 = Release|Any CPU
	EndGlobalSection
	GlobalSection(SolutionProperties) = preSolution
		HideSolutionNode = FALSE
	EndGlobalSection
	GlobalSection(ExtensibilityGlobals) = postSolution
		SolutionGuid = {E474338F-D9F1-4D03-A933-ED7F5935B4DF}
	EndGlobalSection
EndGlobal
